{
  "name": "ws_max",
  "version": "0.0.1",
  "lockfileVersion": 1,
  "requires": true,
  "dependencies": {
    "parse-data-url": {
      "version": "3.0.0",
      "resolved": "https://registry.npmjs.org/parse-data-url/-/parse-data-url-3.0.0.tgz",
      "integrity": "sha512-U72k3mbLzeTiPgVbMIJKG+LROejvsniSMwAgz8EM+DhP0C2HYAmXu65uq2IWjYLffgZndFa42E9TCOHJCi37uA==",
      "requires": {
        "valid-data-url": "^3.0.1"
      }
    },
    "valid-data-url": {
      "version": "3.0.1",
      "resolved": "https://registry.npmjs.org/valid-data-url/-/valid-data-url-3.0.1.tgz",
      "integrity": "sha512-jOWVmzVceKlVVdwjNSenT4PbGghU0SBIizAev8ofZVgivk/TVHXSbNL8LP6M3spZvkR9/QolkyJavGSX5Cs0UA=="
    },
    "ws": {
      "version": "7.3.1",
      "resolved": "https://registry.npmjs.org/ws/-/ws-7.3.1.tgz",
      "integrity": "sha512-D3RuNkynyHmEJIpD2qrgVkc9DQ23OrN/moAwZX4L8DfvszsJxpjQuUq3LMx6HoYji9fbIOBY18XWBsAux1ZZUA=="
    }
  }
}
